
Microsoft Visual Studio Solution File, Format Version 12.00
# Visual Studio Version 17
VisualStudioVersion = 17.1.32228.430
MinimumVisualStudioVersion = 10.0.40219.1
Project("{2150E333-8FDC-42A3-9474-1A3956D46DE8}") = "Services", "Services", "{96114A4C-DDDC-4444-A767-50D983617336}"
EndProject
Project("{2150E333-8FDC-42A3-9474-1A3956D46DE8}") = "Catalog", "Catalog", "{EDE49790-9344-46A6-AACF-5F877112DE1C}"
EndProject
Project("{9A19103F-16F7-4668-BE54-9A1E7A4F7556}") = "Catalog.API", "Services\Catalog\Catalog.API\Catalog.API.csproj", "{ACB17D51-F378-4DB7-BD60-59A2F135D265}"
EndProject
Project("{E53339B2-1760-4266-BCC7-CA923CBCF16C}") = "docker-compose", "docker-compose.dcproj", "{FAA0E00D-AED6-4591-A44D-0A36DDB84A86}"
EndProject
Global
	GlobalSection(SolutionConfigurationPlatforms) = preSolution
		Debug|Any CPU = Debug|Any CPU
		Release|Any CPU = Release|Any CPU
	EndGlobalSection
	GlobalSection(ProjectConfigurationPlatforms) = postSolution
		{ACB17D51-F378-4DB7-BD60-59A2F135D265}.Debug|Any CPU.ActiveCfg = Debug|Any CPU
		{ACB17D51-F378-4DB7-BD60-59A2F135D265}.Debug|Any CPU.Build.0 = Debug|Any CPU
		{ACB17D51-F378-4DB7-BD60-59A2F135D265}.Release|Any CPU.ActiveCfg = Release|Any CPU
		{ACB17D51-F378-4DB7-BD60-59A2F135D265}.Release|Any CPU.Build.0 = Release|Any CPU
		{FAA0E00D-AED6-4591-A44D-0A36DDB84A86}.Debug|Any CPU.ActiveCfg = Debug|Any CPU
		{FAA0E00D-AED6-4591-A44D-0A36DDB84A86}.Debug|Any CPU.Build.0 = Debug|Any CPU
		{FAA0E00D-AED6-4591-A44D-0A36DDB84A86}.Release|Any CPU.ActiveCfg = Release|Any CPU
		{FAA0E00D-AED6-4591-A44D-0A36DDB84A86}.Release|Any CPU.Build.0 = Release|Any CPU
	EndGlobalSection
	GlobalSection(SolutionProperties) = preSolution
		HideSolutionNode = FALSE
	EndGlobalSection
	GlobalSection(NestedProjects) = preSolution
		{EDE49790-9344-46A6-AACF-5F877112DE1C} = {96114A4C-DDDC-4444-A767-50D983617336}
		{ACB17D51-F378-4DB7-BD60-59A2F135D265} = {EDE49790-9344-46A6-AACF-5F877112DE1C}
	EndGlobalSection
	GlobalSection(ExtensibilityGlobals) = postSolution
		SolutionGuid = {5D36C8B4-1E60-4A52-999E-0FEACC664118}
	EndGlobalSection
EndGlobal
